{
  "name": "Project-MWANI",
  "lockfileVersion": 2,
  "requires": true,
  "packages": {
    "": {
      "dependencies": {
        "leaflet-html-legend": "^0.3.5"
      }
    },
    "node_modules/leaflet": {
      "version": "1.9.2",
      "resolved": "https://registry.npmjs.org/leaflet/-/leaflet-1.9.2.tgz",
      "integrity": "sha512-Kc77HQvWO+y9y2oIs3dn5h5sy2kr3j41ewdqCMEUA4N89lgfUUfOBy7wnnHEstDpefiGFObq12FdopGRMx4J7g==",
      "peer": true
    },
    "node_modules/leaflet-html-legend": {
      "version": "0.3.5",
      "resolved": "https://registry.npmjs.org/leaflet-html-legend/-/leaflet-html-legend-0.3.5.tgz",
      "integrity": "sha512-jYcyug00Ky9HwZhWpy/HFC8nOXXTLuWcQqyBL1YX5qmnMyBctcPUYx+U6STHgP8vcejx6N0C3TrV3JAEgfrYlw==",
      "peerDependencies": {
        "leaflet": "^1.6.0"
      }
    }
  },
  "dependencies": {
    "leaflet": {
      "version": "1.9.2",
      "resolved": "https://registry.npmjs.org/leaflet/-/leaflet-1.9.2.tgz",
      "integrity": "sha512-Kc77HQvWO+y9y2oIs3dn5h5sy2kr3j41ewdqCMEUA4N89lgfUUfOBy7wnnHEstDpefiGFObq12FdopGRMx4J7g==",
      "peer": true
    },
    "leaflet-html-legend": {
      "version": "0.3.5",
      "resolved": "https://registry.npmjs.org/leaflet-html-legend/-/leaflet-html-legend-0.3.5.tgz",
      "integrity": "sha512-jYcyug00Ky9HwZhWpy/HFC8nOXXTLuWcQqyBL1YX5qmnMyBctcPUYx+U6STHgP8vcejx6N0C3TrV3JAEgfrYlw==",
      "requires": {}
    }
  }
}
